
Microsoft Visual Studio Solution File, Format Version 12.00
# Visual Studio Version 17
VisualStudioVersion = 17.5.002.0
MinimumVisualStudioVersion = 10.0.40219.1
Project("{9A19103F-16F7-4668-BE54-9A1E7A4F7556}") = "EventManagementServer", "EventManagementServer\EventManagementServer.csproj", "{1B56EA59-826B-44E4-B06B-86297C68D993}"
EndProject
Project("{9A19103F-16F7-4668-BE54-9A1E7A4F7556}") = "server-app-dotnet8", "server-app-dotnet8\server-app-dotnet8.csproj", "{05FBF089-67EE-442E-988E-5CD5D9F737FA}"
EndProject
Global
	GlobalSection(SolutionConfigurationPlatforms) = preSolution
		Debug|Any CPU = Debug|Any CPU
		Release|Any CPU = Release|Any CPU
	EndGlobalSection
	GlobalSection(ProjectConfigurationPlatforms) = postSolution
		{1B56EA59-826B-44E4-B06B-86297C68D993}.Debug|Any CPU.ActiveCfg = Debug|Any CPU
		{1B56EA59-826B-44E4-B06B-86297C68D993}.Debug|Any CPU.Build.0 = Debug|Any CPU
		{1B56EA59-826B-44E4-B06B-86297C68D993}.Release|Any CPU.ActiveCfg = Release|Any CPU
		{1B56EA59-826B-44E4-B06B-86297C68D993}.Release|Any CPU.Build.0 = Release|Any CPU
		{05FBF089-67EE-442E-988E-5CD5D9F737FA}.Debug|Any CPU.ActiveCfg = Debug|Any CPU
		{05FBF089-67EE-442E-988E-5CD5D9F737FA}.Debug|Any CPU.Build.0 = Debug|Any CPU
		{05FBF089-67EE-442E-988E-5CD5D9F737FA}.Release|Any CPU.ActiveCfg = Release|Any CPU
		{05FBF089-67EE-442E-988E-5CD5D9F737FA}.Release|Any CPU.Build.0 = Release|Any CPU
	EndGlobalSection
	GlobalSection(SolutionProperties) = preSolution
		HideSolutionNode = FALSE
	EndGlobalSection
	GlobalSection(ExtensibilityGlobals) = postSolution
		SolutionGuid = {3B2494E2-E61A-4CEB-A2ED-91BC416F09A0}
	EndGlobalSection
EndGlobal
